// !$*UTF8*$!
{
	archiveVersion = 1;
	classes = {
	};
	objectVersion = 55;
	objects = {

/* Begin PBXBuildFile section */
		B76793BC27C2070A00C42E30 /* AppDelegate.swift in Sources */ = {isa = PBXBuildFile; fileRef = B76793BB27C2070A00C42E30 /* AppDelegate.swift */; };
		B76793BE27C2070A00C42E30 /* SceneDelegate.swift in Sources */ = {isa = PBXBuildFile; fileRef = B76793BD27C2070A00C42E30 /* SceneDelegate.swift */; };
		B76793C027C2070A00C42E30 /* MainTabBarViewController.swift in Sources */ = {isa = PBXBuildFile; fileRef = B76793BF27C2070A00C42E30 /* MainTabBarViewController.swift */; };
		B76793C527C2070B00C42E30 /* Assets.xcassets in Resources */ = {isa = PBXBuildFile; fileRef = B76793C427C2070B00C42E30 /* Assets.xcassets */; };
		B76793C827C2070B00C42E30 /* LaunchScreen.storyboard in Resources */ = {isa = PBXBuildFile; fileRef = B76793C627C2070B00C42E30 /* LaunchScreen.storyboard */; };
		B76793D127C2086A00C42E30 /* HomeViewController.swift in Sources */ = {isa = PBXBuildFile; fileRef = B76793D027C2086A00C42E30 /* HomeViewController.swift */; };
		B76793D327C2088300C42E30 /* UpcomingViewController.swift in Sources */ = {isa = PBXBuildFile; fileRef = B76793D227C2088300C42E30 /* UpcomingViewController.swift */; };
		B76793D527C2089700C42E30 /* SearchViewController.swift in Sources */ = {isa = PBXBuildFile; fileRef = B76793D427C2089700C42E30 /* SearchViewController.swift */; };
		B76793D727C208B500C42E30 /* DownloadViewController.swift in Sources */ = {isa = PBXBuildFile; fileRef = B76793D627C208B500C42E30 /* DownloadViewController.swift */; };
		B76793DE27C20D0B00C42E30 /* CollectionViewTableViewCell.swift in Sources */ = {isa = PBXBuildFile; fileRef = B76793DD27C20D0B00C42E30 /* CollectionViewTableViewCell.swift */; };
		B76793E027C27E4E00C42E30 /* HeroHeaderUIView.swift in Sources */ = {isa = PBXBuildFile; fileRef = B76793DF27C27E4E00C42E30 /* HeroHeaderUIView.swift */; };
		B78250E927C63D75007A3B63 /* TitleTableViewCell.swift in Sources */ = {isa = PBXBuildFile; fileRef = B78250E827C63D75007A3B63 /* TitleTableViewCell.swift */; };
		B78250EB27C63F75007A3B63 /* TitleViewModel.swift in Sources */ = {isa = PBXBuildFile; fileRef = B78250EA27C63F75007A3B63 /* TitleViewModel.swift */; };
		B78250ED27C662FF007A3B63 /* SearchResultsViewController.swift in Sources */ = {isa = PBXBuildFile; fileRef = B78250EC27C662FF007A3B63 /* SearchResultsViewController.swift */; };
		B78250F127C74444007A3B63 /* YoutubeSearchResponse.swift in Sources */ = {isa = PBXBuildFile; fileRef = B78250F027C74444007A3B63 /* YoutubeSearchResponse.swift */; };
		B78250F327C746AF007A3B63 /* TitlePreviewViewController.swift in Sources */ = {isa = PBXBuildFile; fileRef = B78250F227C746AF007A3B63 /* TitlePreviewViewController.swift */; };
		B78250F527C7C5D9007A3B63 /* TitlePreviewViewModel.swift in Sources */ = {isa = PBXBuildFile; fileRef = B78250F427C7C5D9007A3B63 /* TitlePreviewViewModel.swift */; };
		B7B27B1127C3E8E800033856 /* APICaller.swift in Sources */ = {isa = PBXBuildFile; fileRef = B7B27B1027C3E8E800033856 /* APICaller.swift */; };
		B7B27B1327C4F4A600033856 /* Title.swift in Sources */ = {isa = PBXBuildFile; fileRef = B7B27B1227C4F4A600033856 /* Title.swift */; };
		B7B27B1527C4F99400033856 /* Extensions.swift in Sources */ = {isa = PBXBuildFile; fileRef = B7B27B1427C4F99400033856 /* Extensions.swift */; };
		B7B27B1927C5129D00033856 /* TitleCollectionViewCell.swift in Sources */ = {isa = PBXBuildFile; fileRef = B7B27B1827C5129D00033856 /* TitleCollectionViewCell.swift */; };
		B7B27B1C27C513AA00033856 /* SDWebImage in Frameworks */ = {isa = PBXBuildFile; productRef = B7B27B1B27C513AA00033856 /* SDWebImage */; };
		B7B27B1E27C513AA00033856 /* SDWebImageMapKit in Frameworks */ = {isa = PBXBuildFile; productRef = B7B27B1D27C513AA00033856 /* SDWebImageMapKit */; };
/* End PBXBuildFile section */

/* Begin PBXFileReference section */
		B76793B827C2070A00C42E30 /* Netflix Clone.app */ = {isa = PBXFileReference; explicitFileType = wrapper.application; includeInIndex = 0; path = "Netflix Clone.app"; sourceTree = BUILT_PRODUCTS_DIR; };
		B76793BB27C2070A00C42E30 /* AppDelegate.swift */ = {isa = PBXFileReference; lastKnownFileType = sourcecode.swift; path = AppDelegate.swift; sourceTree = "<group>"; };
		B76793BD27C2070A00C42E30 /* SceneDelegate.swift */ = {isa = PBXFileReference; lastKnownFileType = sourcecode.swift; path = SceneDelegate.swift; sourceTree = "<group>"; };
		B76793BF27C2070A00C42E30 /* MainTabBarViewController.swift */ = {isa = PBXFileReference; lastKnownFileType = sourcecode.swift; path = MainTabBarViewController.swift; sourceTree = "<group>"; };
		B76793C427C2070B00C42E30 /* Assets.xcassets */ = {isa = PBXFileReference; lastKnownFileType = folder.assetcatalog; path = Assets.xcassets; sourceTree = "<group>"; };
		B76793C727C2070B00C42E30 /* Base */ = {isa = PBXFileReference; lastKnownFileType = file.storyboard; name = Base; path = Base.lproj/LaunchScreen.storyboard; sourceTree = "<group>"; };
		B76793C927C2070B00C42E30 /* Info.plist */ = {isa = PBXFileReference; lastKnownFileType = text.plist.xml; path = Info.plist; sourceTree = "<group>"; };
		B76793D027C2086A00C42E30 /* HomeViewController.swift */ = {isa = PBXFileReference; lastKnownFileType = sourcecode.swift; path = HomeViewController.swift; sourceTree = "<group>"; };
		B76793D227C2088300C42E30 /* UpcomingViewController.swift */ = {isa = PBXFileReference; lastKnownFileType = sourcecode.swift; path = UpcomingViewController.swift; sourceTree = "<group>"; };
		B76793D427C2089700C42E30 /* SearchViewController.swift */ = {isa = PBXFileReference; lastKnownFileType = sourcecode.swift; path = SearchViewController.swift; sourceTree = "<group>"; };
		B76793D627C208B500C42E30 /* DownloadViewController.swift */ = {isa = PBXFileReference; lastKnownFileType = sourcecode.swift; path = DownloadViewController.swift; sourceTree = "<group>"; };
		B76793DD27C20D0B00C42E30 /* CollectionViewTableViewCell.swift */ = {isa = PBXFileReference; lastKnownFileType = sourcecode.swift; path = CollectionViewTableViewCell.swift; sourceTree = "<group>"; };
		B76793DF27C27E4E00C42E30 /* HeroHeaderUIView.swift */ = {isa = PBXFileReference; lastKnownFileType = sourcecode.swift; path = HeroHeaderUIView.swift; sourceTree = "<group>"; };
		B78250E827C63D75007A3B63 /* TitleTableViewCell.swift */ = {isa = PBXFileReference; lastKnownFileType = sourcecode.swift; path = TitleTableViewCell.swift; sourceTree = "<group>"; };
		B78250EA27C63F75007A3B63 /* TitleViewModel.swift */ = {isa = PBXFileReference; lastKnownFileType = sourcecode.swift; path = TitleViewModel.swift; sourceTree = "<group>"; };
		B78250EC27C662FF007A3B63 /* SearchResultsViewController.swift */ = {isa = PBXFileReference; lastKnownFileType = sourcecode.swift; path = SearchResultsViewController.swift; sourceTree = "<group>"; };
		B78250F027C74444007A3B63 /* YoutubeSearchResponse.swift */ = {isa = PBXFileReference; lastKnownFileType = sourcecode.swift; path = YoutubeSearchResponse.swift; sourceTree = "<group>"; };
		B78250F227C746AF007A3B63 /* TitlePreviewViewController.swift */ = {isa = PBXFileReference; lastKnownFileType = sourcecode.swift; path = TitlePreviewViewController.swift; sourceTree = "<group>"; };
		B78250F427C7C5D9007A3B63 /* TitlePreviewViewModel.swift */ = {isa = PBXFileReference; lastKnownFileType = sourcecode.swift; path = TitlePreviewViewModel.swift; sourceTree = "<group>"; };
		B7B27B1027C3E8E800033856 /* APICaller.swift */ = {isa = PBXFileReference; lastKnownFileType = sourcecode.swift; path = APICaller.swift; sourceTree = "<group>"; };
		B7B27B1227C4F4A600033856 /* Title.swift */ = {isa = PBXFileReference; lastKnownFileType = sourcecode.swift; path = Title.swift; sourceTree = "<group>"; };
		B7B27B1427C4F99400033856 /* Extensions.swift */ = {isa = PBXFileReference; lastKnownFileType = sourcecode.swift; path = Extensions.swift; sourceTree = "<group>"; };
		B7B27B1827C5129D00033856 /* TitleCollectionViewCell.swift */ = {isa = PBXFileReference; lastKnownFileType = sourcecode.swift; path = TitleCollectionViewCell.swift; sourceTree = "<group>"; };
/* End PBXFileReference section */

/* Begin PBXFrameworksBuildPhase section */
		B76793B527C2070A00C42E30 /* Frameworks */ = {
			isa = PBXFrameworksBuildPhase;
			buildActionMask = 2147483647;
			files = (
				B7B27B1E27C513AA00033856 /* SDWebImageMapKit in Frameworks */,
				B7B27B1C27C513AA00033856 /* SDWebImage in Frameworks */,
			);
			runOnlyForDeploymentPostprocessing = 0;
		};
/* End PBXFrameworksBuildPhase section */

/* Begin PBXGroup section */
		B76793AF27C2070A00C42E30 = {
			isa = PBXGroup;
			children = (
				B76793BA27C2070A00C42E30 /* Netflix Clone */,
				B76793B927C2070A00C42E30 /* Products */,
			);
			sourceTree = "<group>";
		};
		B76793B927C2070A00C42E30 /* Products */ = {
			isa = PBXGroup;
			children = (
				B76793B827C2070A00C42E30 /* Netflix Clone.app */,
			);
			name = Products;
			sourceTree = "<group>";
		};
		B76793BA27C2070A00C42E30 /* Netflix Clone */ = {
			isa = PBXGroup;
			children = (
				B76793DC27C20CD400C42E30 /* Managers */,
				B76793DB27C20CCE00C42E30 /* Resources */,
				B76793DA27C20CB100C42E30 /* Models */,
				B76793D827C20CA000C42E30 /* Views */,
				B76793D927C20CA800C42E30 /* ViewModels */,
				B76793CF27C2085800C42E30 /* Controllers */,
				B76793BB27C2070A00C42E30 /* AppDelegate.swift */,
				B76793BD27C2070A00C42E30 /* SceneDelegate.swift */,
				B76793C427C2070B00C42E30 /* Assets.xcassets */,
				B76793C627C2070B00C42E30 /* LaunchScreen.storyboard */,
				B76793C927C2070B00C42E30 /* Info.plist */,
			);
			path = "Netflix Clone";
			sourceTree = "<group>";
		};
		B76793CF27C2085800C42E30 /* Controllers */ = {
			isa = PBXGroup;
			children = (
				B78250EF27C66355007A3B63 /* General */,
				B78250EE27C6632C007A3B63 /* Core */,
			);
			path = Controllers;
			sourceTree = "<group>";
		};
		B76793D827C20CA000C42E30 /* Views */ = {
			isa = PBXGroup;
			children = (
				B76793DD27C20D0B00C42E30 /* CollectionViewTableViewCell.swift */,
				B76793DF27C27E4E00C42E30 /* HeroHeaderUIView.swift */,
				B7B27B1827C5129D00033856 /* TitleCollectionViewCell.swift */,
				B78250E827C63D75007A3B63 /* TitleTableViewCell.swift */,
			);
			path = Views;
			sourceTree = "<group>";
		};
		B76793D927C20CA800C42E30 /* ViewModels */ = {
			isa = PBXGroup;
			children = (
				B78250EA27C63F75007A3B63 /* TitleViewModel.swift */,
				B78250F427C7C5D9007A3B63 /* TitlePreviewViewModel.swift */,
			);
			path = ViewModels;
			sourceTree = "<group>";
		};
		B76793DA27C20CB100C42E30 /* Models */ = {
			isa = PBXGroup;
			children = (
				B7B27B1227C4F4A600033856 /* Title.swift */,
				B78250F027C74444007A3B63 /* YoutubeSearchResponse.swift */,
			);
			path = Models;
			sourceTree = "<group>";
		};
		B76793DB27C20CCE00C42E30 /* Resources */ = {
			isa = PBXGroup;
			children = (
				B7B27B1427C4F99400033856 /* Extensions.swift */,
			);
			path = Resources;
			sourceTree = "<group>";
		};
		B76793DC27C20CD400C42E30 /* Managers */ = {
			isa = PBXGroup;
			children = (
				B7B27B1027C3E8E800033856 /* APICaller.swift */,
			);
			path = Managers;
			sourceTree = "<group>";
		};
		B78250EE27C6632C007A3B63 /* Core */ = {
			isa = PBXGroup;
			children = (
				B76793D027C2086A00C42E30 /* HomeViewController.swift */,
				B76793D227C2088300C42E30 /* UpcomingViewController.swift */,
				B76793D427C2089700C42E30 /* SearchViewController.swift */,
				B76793D627C208B500C42E30 /* DownloadViewController.swift */,
				B76793BF27C2070A00C42E30 /* MainTabBarViewController.swift */,
			);
			path = Core;
			sourceTree = "<group>";
		};
		B78250EF27C66355007A3B63 /* General */ = {
			isa = PBXGroup;
			children = (
				B78250EC27C662FF007A3B63 /* SearchResultsViewController.swift */,
				B78250F227C746AF007A3B63 /* TitlePreviewViewController.swift */,
			);
			path = General;
			sourceTree = "<group>";
		};
/* End PBXGroup section */

/* Begin PBXNativeTarget section */
		B76793B727C2070A00C42E30 /* Netflix Clone */ = {
			isa = PBXNativeTarget;
			buildConfigurationList = B76793CC27C2070B00C42E30 /* Build configuration list for PBXNativeTarget "Netflix Clone" */;
			buildPhases = (
				B76793B427C2070A00C42E30 /* Sources */,
				B76793B527C2070A00C42E30 /* Frameworks */,
				B76793B627C2070A00C42E30 /* Resources */,
			);
			buildRules = (
			);
			dependencies = (
			);
			name = "Netflix Clone";
			packageProductDependencies = (
				B7B27B1B27C513AA00033856 /* SDWebImage */,
				B7B27B1D27C513AA00033856 /* SDWebImageMapKit */,
			);
			productName = "Netflix Clone";
			productReference = B76793B827C2070A00C42E30 /* Netflix Clone.app */;
			productType = "com.apple.product-type.application";
		};
/* End PBXNativeTarget section */

/* Begin PBXProject section */
		B76793B027C2070A00C42E30 /* Project object */ = {
			isa = PBXProject;
			attributes = {
				BuildIndependentTargetsInParallel = 1;
				LastSwiftUpdateCheck = 1320;
				LastUpgradeCheck = 1320;
				TargetAttributes = {
					B76793B727C2070A00C42E30 = {
						CreatedOnToolsVersion = 13.2.1;
					};
				};
			};
			buildConfigurationList = B76793B327C2070A00C42E30 /* Build configuration list for PBXProject "Netflix Clone" */;
			compatibilityVersion = "Xcode 13.0";
			developmentRegion = en;
			hasScannedForEncodings = 0;
			knownRegions = (
				en,
				Base,
			);
			mainGroup = B76793AF27C2070A00C42E30;
			packageReferences = (
				B7B27B1A27C513AA00033856 /* XCRemoteSwiftPackageReference "SDWebImage" */,
			);
			productRefGroup = B76793B927C2070A00C42E30 /* Products */;
			projectDirPath = "";
			projectRoot = "";
			targets = (
				B76793B727C2070A00C42E30 /* Netflix Clone */,
			);
		};
/* End PBXProject section */

/* Begin PBXResourcesBuildPhase section */
		B76793B627C2070A00C42E30 /* Resources */ = {
			isa = PBXResourcesBuildPhase;
			buildActionMask = 2147483647;
			files = (
				B76793C827C2070B00C42E30 /* LaunchScreen.storyboard in Resources */,
				B76793C527C2070B00C42E30 /* Assets.xcassets in Resources */,
			);
			runOnlyForDeploymentPostprocessing = 0;
		};
/* End PBXResourcesBuildPhase section */

/* Begin PBXSourcesBuildPhase section */
		B76793B427C2070A00C42E30 /* Sources */ = {
			isa = PBXSourcesBuildPhase;
			buildActionMask = 2147483647;
			files = (
				B78250E927C63D75007A3B63 /* TitleTableViewCell.swift in Sources */,
				B76793D527C2089700C42E30 /* SearchViewController.swift in Sources */,
				B7B27B1927C5129D00033856 /* TitleCollectionViewCell.swift in Sources */,
				B76793C027C2070A00C42E30 /* MainTabBarViewController.swift in Sources */,
				B76793DE27C20D0B00C42E30 /* CollectionViewTableViewCell.swift in Sources */,
				B7B27B1327C4F4A600033856 /* Title.swift in Sources */,
				B7B27B1127C3E8E800033856 /* APICaller.swift in Sources */,
				B76793E027C27E4E00C42E30 /* HeroHeaderUIView.swift in Sources */,
				B76793BC27C2070A00C42E30 /* AppDelegate.swift in Sources */,
				B78250ED27C662FF007A3B63 /* SearchResultsViewController.swift in Sources */,
				B7B27B1527C4F99400033856 /* Extensions.swift in Sources */,
				B78250F127C74444007A3B63 /* YoutubeSearchResponse.swift in Sources */,
				B76793D727C208B500C42E30 /* DownloadViewController.swift in Sources */,
				B78250F527C7C5D9007A3B63 /* TitlePreviewViewModel.swift in Sources */,
				B76793BE27C2070A00C42E30 /* SceneDelegate.swift in Sources */,
				B78250F327C746AF007A3B63 /* TitlePreviewViewController.swift in Sources */,
				B76793D327C2088300C42E30 /* UpcomingViewController.swift in Sources */,
				B76793D127C2086A00C42E30 /* HomeViewController.swift in Sources */,
				B78250EB27C63F75007A3B63 /* TitleViewModel.swift in Sources */,
			);
			runOnlyForDeploymentPostprocessing = 0;
		};
/* End PBXSourcesBuildPhase section */

/* Begin PBXVariantGroup section */
		B76793C627C2070B00C42E30 /* LaunchScreen.storyboard */ = {
			isa = PBXVariantGroup;
			children = (
				B76793C727C2070B00C42E30 /* Base */,
			);
			name = LaunchScreen.storyboard;
			sourceTree = "<group>";
		};
/* End PBXVariantGroup section */

/* Begin XCBuildConfiguration section */
		B76793CA27C2070B00C42E30 /* Debug */ = {
			isa = XCBuildConfiguration;
			buildSettings = {
				ALWAYS_SEARCH_USER_PATHS = NO;
				CLANG_ANALYZER_NONNULL = YES;
				CLANG_ANALYZER_NUMBER_OBJECT_CONVERSION = YES_AGGRESSIVE;
				CLANG_CXX_LANGUAGE_STANDARD = "gnu++17";
				CLANG_CXX_LIBRARY = "libc++";
				CLANG_ENABLE_MODULES = YES;
				CLANG_ENABLE_OBJC_ARC = YES;
				CLANG_ENABLE_OBJC_WEAK = YES;
				CLANG_WARN_BLOCK_CAPTURE_AUTORELEASING = YES;
				CLANG_WARN_BOOL_CONVERSION = YES;
				CLANG_WARN_COMMA = YES;
				CLANG_WARN_CONSTANT_CONVERSION = YES;
				CLANG_WARN_DEPRECATED_OBJC_IMPLEMENTATIONS = YES;
				CLANG_WARN_DIRECT_OBJC_ISA_USAGE = YES_ERROR;
				CLANG_WARN_DOCUMENTATION_COMMENTS = YES;
				CLANG_WARN_EMPTY_BODY = YES;
				CLANG_WARN_ENUM_CONVERSION = YES;
				CLANG_WARN_INFINITE_RECURSION = YES;
				CLANG_WARN_INT_CONVERSION = YES;
				CLANG_WARN_NON_LITERAL_NULL_CONVERSION = YES;
				CLANG_WARN_OBJC_IMPLICIT_RETAIN_SELF = YES;
				CLANG_WARN_OBJC_LITERAL_CONVERSION = YES;
				CLANG_WARN_OBJC_ROOT_CLASS = YES_ERROR;
				CLANG_WARN_QUOTED_INCLUDE_IN_FRAMEWORK_HEADER = YES;
				CLANG_WARN_RANGE_LOOP_ANALYSIS = YES;
				CLANG_WARN_STRICT_PROTOTYPES = YES;
				CLANG_WARN_SUSPICIOUS_MOVE = YES;
				CLANG_WARN_UNGUARDED_AVAILABILITY = YES_AGGRESSIVE;
				CLANG_WARN_UNREACHABLE_CODE = YES;
				CLANG_WARN__DUPLICATE_METHOD_MATCH = YES;
				COPY_PHASE_STRIP = NO;
				DEBUG_INFORMATION_FORMAT = dwarf;
				ENABLE_STRICT_OBJC_MSGSEND = YES;
				ENABLE_TESTABILITY = YES;
				GCC_C_LANGUAGE_STANDARD = gnu11;
				GCC_DYNAMIC_NO_PIC = NO;
				GCC_NO_COMMON_BLOCKS = YES;
				GCC_OPTIMIZATION_LEVEL = 0;
				GCC_PREPROCESSOR_DEFINITIONS = (
					"DEBUG=1",
					"$(inherited)",
				);
				GCC_WARN_64_TO_32_BIT_CONVERSION = YES;
				GCC_WARN_ABOUT_RETURN_TYPE = YES_ERROR;
				GCC_WARN_UNDECLARED_SELECTOR = YES;
				GCC_WARN_UNINITIALIZED_AUTOS = YES_AGGRESSIVE;
				GCC_WARN_UNUSED_FUNCTION = YES;
				GCC_WARN_UNUSED_VARIABLE = YES;
				IPHONEOS_DEPLOYMENT_TARGET = 15.2;
				MTL_ENABLE_DEBUG_INFO = INCLUDE_SOURCE;
				MTL_FAST_MATH = YES;
				ONLY_ACTIVE_ARCH = YES;
				SDKROOT = iphoneos;
				SWIFT_ACTIVE_COMPILATION_CONDITIONS = DEBUG;
				SWIFT_OPTIMIZATION_LEVEL = "-Onone";
			};
			name = Debug;
		};
		B76793CB27C2070B00C42E30 /* Release */ = {
			isa = XCBuildConfiguration;
			buildSettings = {
				ALWAYS_SEARCH_USER_PATHS = NO;
				CLANG_ANALYZER_NONNULL = YES;
				CLANG_ANALYZER_NUMBER_OBJECT_CONVERSION = YES_AGGRESSIVE;
				CLANG_CXX_LANGUAGE_STANDARD = "gnu++17";
				CLANG_CXX_LIBRARY = "libc++";
				CLANG_ENABLE_MODULES = YES;
				CLANG_ENABLE_OBJC_ARC = YES;
				CLANG_ENABLE_OBJC_WEAK = YES;
				CLANG_WARN_BLOCK_CAPTURE_AUTORELEASING = YES;
				CLANG_WARN_BOOL_CONVERSION = YES;
				CLANG_WARN_COMMA = YES;
				CLANG_WARN_CONSTANT_CONVERSION = YES;
				CLANG_WARN_DEPRECATED_OBJC_IMPLEMENTATIONS = YES;
				CLANG_WARN_DIRECT_OBJC_ISA_USAGE = YES_ERROR;
				CLANG_WARN_DOCUMENTATION_COMMENTS = YES;
				CLANG_WARN_EMPTY_BODY = YES;
				CLANG_WARN_ENUM_CONVERSION = YES;
				CLANG_WARN_INFINITE_RECURSION = YES;
				CLANG_WARN_INT_CONVERSION = YES;
				CLANG_WARN_NON_LITERAL_NULL_CONVERSION = YES;
				CLANG_WARN_OBJC_IMPLICIT_RETAIN_SELF = YES;
				CLANG_WARN_OBJC_LITERAL_CONVERSION = YES;
				CLANG_WARN_OBJC_ROOT_CLASS = YES_ERROR;
				CLANG_WARN_QUOTED_INCLUDE_IN_FRAMEWORK_HEADER = YES;
				CLANG_WARN_RANGE_LOOP_ANALYSIS = YES;
				CLANG_WARN_STRICT_PROTOTYPES = YES;
				CLANG_WARN_SUSPICIOUS_MOVE = YES;
				CLANG_WARN_UNGUARDED_AVAILABILITY = YES_AGGRESSIVE;
				CLANG_WARN_UNREACHABLE_CODE = YES;
				CLANG_WARN__DUPLICATE_METHOD_MATCH = YES;
				COPY_PHASE_STRIP = NO;
				DEBUG_INFORMATION_FORMAT = "dwarf-with-dsym";
				ENABLE_NS_ASSERTIONS = NO;
				ENABLE_STRICT_OBJC_MSGSEND = YES;
				GCC_C_LANGUAGE_STANDARD = gnu11;
				GCC_NO_COMMON_BLOCKS = YES;
				GCC_WARN_64_TO_32_BIT_CONVERSION = YES;
				GCC_WARN_ABOUT_RETURN_TYPE = YES_ERROR;
				GCC_WARN_UNDECLARED_SELECTOR = YES;
				GCC_WARN_UNINITIALIZED_AUTOS = YES_AGGRESSIVE;
				GCC_WARN_UNUSED_FUNCTION = YES;
				GCC_WARN_UNUSED_VARIABLE = YES;
				IPHONEOS_DEPLOYMENT_TARGET = 15.2;
				MTL_ENABLE_DEBUG_INFO = NO;
				MTL_FAST_MATH = YES;
				SDKROOT = iphoneos;
				SWIFT_COMPILATION_MODE = wholemodule;
				SWIFT_OPTIMIZATION_LEVEL = "-O";
				VALIDATE_PRODUCT = YES;
			};
			name = Release;
		};
		B76793CD27C2070B00C42E30 /* Debug */ = {
			isa = XCBuildConfiguration;
			buildSettings = {
				ASSETCATALOG_COMPILER_APPICON_NAME = AppIcon;
				ASSETCATALOG_COMPILER_GLOBAL_ACCENT_COLOR_NAME = AccentColor;
				CODE_SIGN_STYLE = Automatic;
				CURRENT_PROJECT_VERSION = 1;
				DEVELOPMENT_TEAM = 4Y2567YJY8;
				GENERATE_INFOPLIST_FILE = YES;
				INFOPLIST_FILE = "Netflix Clone/Info.plist";
				INFOPLIST_KEY_UIApplicationSupportsIndirectInputEvents = YES;
				INFOPLIST_KEY_UILaunchStoryboardName = LaunchScreen;
				INFOPLIST_KEY_UISupportedInterfaceOrientations_iPad = "UIInterfaceOrientationPortrait UIInterfaceOrientationPortraitUpsideDown UIInterfaceOrientationLandscapeLeft UIInterfaceOrientationLandscapeRight";
				INFOPLIST_KEY_UISupportedInterfaceOrientations_iPhone = "UIInterfaceOrientationPortrait UIInterfaceOrientationLandscapeLeft UIInterfaceOrientationLandscapeRight";
				LD_RUNPATH_SEARCH_PATHS = (
					"$(inherited)",
					"@executable_path/Frameworks",
				);
				MARKETING_VERSION = 1.0;
				PRODUCT_BUNDLE_IDENTIFIER = "kant.Netflix-Clone";
				PRODUCT_NAME = "$(TARGET_NAME)";
				SWIFT_EMIT_LOC_STRINGS = YES;
				SWIFT_VERSION = 5.0;
				TARGETED_DEVICE_FAMILY = "1,2";
			};
			name = Debug;
		};
		B76793CE27C2070B00C42E30 /* Release */ = {
			isa = XCBuildConfiguration;
			buildSettings = {
				ASSETCATALOG_COMPILER_APPICON_NAME = AppIcon;
				ASSETCATALOG_COMPILER_GLOBAL_ACCENT_COLOR_NAME = AccentColor;
				CODE_SIGN_STYLE = Automatic;
				CURRENT_PROJECT_VERSION = 1;
				DEVELOPMENT_TEAM = 4Y2567YJY8;
				GENERATE_INFOPLIST_FILE = YES;
				INFOPLIST_FILE = "Netflix Clone/Info.plist";
				INFOPLIST_KEY_UIApplicationSupportsIndirectInputEvents = YES;
				INFOPLIST_KEY_UILaunchStoryboardName = LaunchScreen;
				INFOPLIST_KEY_UISupportedInterfaceOrientations_iPad = "UIInterfaceOrientationPortrait UIInterfaceOrientationPortraitUpsideDown UIInterfaceOrientationLandscapeLeft UIInterfaceOrientationLandscapeRight";
				INFOPLIST_KEY_UISupportedInterfaceOrientations_iPhone = "UIInterfaceOrientationPortrait UIInterfaceOrientationLandscapeLeft UIInterfaceOrientationLandscapeRight";
				LD_RUNPATH_SEARCH_PATHS = (
					"$(inherited)",
					"@executable_path/Frameworks",
				);
				MARKETING_VERSION = 1.0;
				PRODUCT_BUNDLE_IDENTIFIER = "kant.Netflix-Clone";
				PRODUCT_NAME = "$(TARGET_NAME)";
				SWIFT_EMIT_LOC_STRINGS = YES;
				SWIFT_VERSION = 5.0;
				TARGETED_DEVICE_FAMILY = "1,2";
			};
			name = Release;
		};
/* End XCBuildConfiguration section */

/* Begin XCConfigurationList section */
		B76793B327C2070A00C42E30 /* Build configuration list for PBXProject "Netflix Clone" */ = {
			isa = XCConfigurationList;
			buildConfigurations = (
				B76793CA27C2070B00C42E30 /* Debug */,
				B76793CB27C2070B00C42E30 /* Release */,
			);
			defaultConfigurationIsVisible = 0;
			defaultConfigurationName = Release;
		};
		B76793CC27C2070B00C42E30 /* Build configuration list for PBXNativeTarget "Netflix Clone" */ = {
			isa = XCConfigurationList;
			buildConfigurations = (
				B76793CD27C2070B00C42E30 /* Debug */,
				B76793CE27C2070B00C42E30 /* Release */,
			);
			defaultConfigurationIsVisible = 0;
			defaultConfigurationName = Release;
		};
/* End XCConfigurationList section */

/* Begin XCRemoteSwiftPackageReference section */
		B7B27B1A27C513AA00033856 /* XCRemoteSwiftPackageReference "SDWebImage" */ = {
			isa = XCRemoteSwiftPackageReference;
			repositoryURL = "https://github.com/SDWebImage/SDWebImage.git";
			requirement = {
				kind = upToNextMajorVersion;
				minimumVersion = 5.0.0;
			};
		};
/* End XCRemoteSwiftPackageReference section */

/* Begin XCSwiftPackageProductDependency section */
		B7B27B1B27C513AA00033856 /* SDWebImage */ = {
			isa = XCSwiftPackageProductDependency;
			package = B7B27B1A27C513AA00033856 /* XCRemoteSwiftPackageReference "SDWebImage" */;
			productName = SDWebImage;
		};
		B7B27B1D27C513AA00033856 /* SDWebImageMapKit */ = {
			isa = XCSwiftPackageProductDependency;
			package = B7B27B1A27C513AA00033856 /* XCRemoteSwiftPackageReference "SDWebImage" */;
			productName = SDWebImageMapKit;
		};
/* End XCSwiftPackageProductDependency section */
	};
	rootObject = B76793B027C2070A00C42E30 /* Project object */;
}
